// !$*UTF8*$!
{
	archiveVersion = 1;
	classes = {
	};
	objectVersion = 56;
	objects = {

/* Begin PBXBuildFile section */
		A72A91782962FEDD00972AB9 /* Page.swift in Sources */ = {isa = PBXBuildFile; fileRef = A72A91772962FEDD00972AB9 /* Page.swift */; };
		A72A917A2962FFF400972AB9 /* Home.swift in Sources */ = {isa = PBXBuildFile; fileRef = A72A91792962FFF400972AB9 /* Home.swift */; };
		A72A917C296301A600972AB9 /* Store.swift in Sources */ = {isa = PBXBuildFile; fileRef = A72A917B296301A600972AB9 /* Store.swift */; };
		A72A917E296333FF00972AB9 /* CollectionView.swift in Sources */ = {isa = PBXBuildFile; fileRef = A72A917D296333FF00972AB9 /* CollectionView.swift */; };
		A72A9180296393B700972AB9 /* CollectionCell.swift in Sources */ = {isa = PBXBuildFile; fileRef = A72A917F296393B700972AB9 /* CollectionCell.swift */; };
		A72A918229639AD900972AB9 /* PageView.swift in Sources */ = {isa = PBXBuildFile; fileRef = A72A918129639AD900972AB9 /* PageView.swift */; };
		A72A918429639ED300972AB9 /* Sizes.swift in Sources */ = {isa = PBXBuildFile; fileRef = A72A918329639ED300972AB9 /* Sizes.swift */; };
		A72A91862963A12B00972AB9 /* VerticalPageIndicator.swift in Sources */ = {isa = PBXBuildFile; fileRef = A72A91852963A12B00972AB9 /* VerticalPageIndicator.swift */; };
		A77380E429610608008965BB /* ZaraAppApp.swift in Sources */ = {isa = PBXBuildFile; fileRef = A77380E329610608008965BB /* ZaraAppApp.swift */; };
		A77380E629610608008965BB /* ContentView.swift in Sources */ = {isa = PBXBuildFile; fileRef = A77380E529610608008965BB /* ContentView.swift */; };
		A77380E82961060A008965BB /* Assets.xcassets in Resources */ = {isa = PBXBuildFile; fileRef = A77380E72961060A008965BB /* Assets.xcassets */; };
		A77380EB2961060A008965BB /* Preview Assets.xcassets in Resources */ = {isa = PBXBuildFile; fileRef = A77380EA2961060A008965BB /* Preview Assets.xcassets */; };
		A7C7BC0A29618243004D3446 /* Color+.swift in Sources */ = {isa = PBXBuildFile; fileRef = A7C7BC0929618243004D3446 /* Color+.swift */; };
		A7C7BC0C2961ED12004D3446 /* View+.swift in Sources */ = {isa = PBXBuildFile; fileRef = A7C7BC0B2961ED12004D3446 /* View+.swift */; };
		A7C7BC0F2961FCBB004D3446 /* CloseButton.swift in Sources */ = {isa = PBXBuildFile; fileRef = A7C7BC0E2961FCBB004D3446 /* CloseButton.swift */; };
		A7C7BC1129620033004D3446 /* BorderedButton.swift in Sources */ = {isa = PBXBuildFile; fileRef = A7C7BC1029620033004D3446 /* BorderedButton.swift */; };
		A7C7BC13296235A5004D3446 /* iconButton.swift in Sources */ = {isa = PBXBuildFile; fileRef = A7C7BC12296235A5004D3446 /* iconButton.swift */; };
		A7C7BC1529623680004D3446 /* FilledButton.swift in Sources */ = {isa = PBXBuildFile; fileRef = A7C7BC1429623680004D3446 /* FilledButton.swift */; };
		A7C7BC1729623B14004D3446 /* NakedButton.swift in Sources */ = {isa = PBXBuildFile; fileRef = A7C7BC1629623B14004D3446 /* NakedButton.swift */; };
		A7C7BC1929623E23004D3446 /* LargeNakedButton.swift in Sources */ = {isa = PBXBuildFile; fileRef = A7C7BC1829623E23004D3446 /* LargeNakedButton.swift */; };
		A7C7BC1B29623F50004D3446 /* LoginScreen.swift in Sources */ = {isa = PBXBuildFile; fileRef = A7C7BC1A29623F50004D3446 /* LoginScreen.swift */; };
		A7ED8B10296410D70037738E /* PageController.swift in Sources */ = {isa = PBXBuildFile; fileRef = A7ED8B0F296410D70037738E /* PageController.swift */; };
		A7ED8B12296448520037738E /* TabIndicatorItem.swift in Sources */ = {isa = PBXBuildFile; fileRef = A7ED8B11296448520037738E /* TabIndicatorItem.swift */; };
		A7ED8B1429644C850037738E /* TabIndicator.swift in Sources */ = {isa = PBXBuildFile; fileRef = A7ED8B1329644C850037738E /* TabIndicator.swift */; };
		A7ED8B162964556A0037738E /* HomeScreen.swift in Sources */ = {isa = PBXBuildFile; fileRef = A7ED8B152964556A0037738E /* HomeScreen.swift */; };
		A7F65BE92962D26F0042E570 /* Tab.swift in Sources */ = {isa = PBXBuildFile; fileRef = A7F65BE82962D26F0042E570 /* Tab.swift */; };
		A7F65BEB2962D3B60042E570 /* Category.swift in Sources */ = {isa = PBXBuildFile; fileRef = A7F65BEA2962D3B60042E570 /* Category.swift */; };
		A7F65BED2962E9F90042E570 /* Product.swift in Sources */ = {isa = PBXBuildFile; fileRef = A7F65BEC2962E9F90042E570 /* Product.swift */; };
/* End PBXBuildFile section */

/* Begin PBXFileReference section */
		A72A91772962FEDD00972AB9 /* Page.swift */ = {isa = PBXFileReference; lastKnownFileType = sourcecode.swift; path = Page.swift; sourceTree = "<group>"; };
		A72A91792962FFF400972AB9 /* Home.swift */ = {isa = PBXFileReference; lastKnownFileType = sourcecode.swift; path = Home.swift; sourceTree = "<group>"; };
		A72A917B296301A600972AB9 /* Store.swift */ = {isa = PBXFileReference; lastKnownFileType = sourcecode.swift; path = Store.swift; sourceTree = "<group>"; };
		A72A917D296333FF00972AB9 /* CollectionView.swift */ = {isa = PBXFileReference; lastKnownFileType = sourcecode.swift; path = CollectionView.swift; sourceTree = "<group>"; };
		A72A917F296393B700972AB9 /* CollectionCell.swift */ = {isa = PBXFileReference; lastKnownFileType = sourcecode.swift; path = CollectionCell.swift; sourceTree = "<group>"; };
		A72A918129639AD900972AB9 /* PageView.swift */ = {isa = PBXFileReference; lastKnownFileType = sourcecode.swift; path = PageView.swift; sourceTree = "<group>"; };
		A72A918329639ED300972AB9 /* Sizes.swift */ = {isa = PBXFileReference; lastKnownFileType = sourcecode.swift; path = Sizes.swift; sourceTree = "<group>"; };
		A72A91852963A12B00972AB9 /* VerticalPageIndicator.swift */ = {isa = PBXFileReference; lastKnownFileType = sourcecode.swift; path = VerticalPageIndicator.swift; sourceTree = "<group>"; };
		A77380E029610608008965BB /* ZaraApp.app */ = {isa = PBXFileReference; explicitFileType = wrapper.application; includeInIndex = 0; path = ZaraApp.app; sourceTree = BUILT_PRODUCTS_DIR; };
		A77380E329610608008965BB /* ZaraAppApp.swift */ = {isa = PBXFileReference; lastKnownFileType = sourcecode.swift; path = ZaraAppApp.swift; sourceTree = "<group>"; };
		A77380E529610608008965BB /* ContentView.swift */ = {isa = PBXFileReference; lastKnownFileType = sourcecode.swift; path = ContentView.swift; sourceTree = "<group>"; };
		A77380E72961060A008965BB /* Assets.xcassets */ = {isa = PBXFileReference; lastKnownFileType = folder.assetcatalog; path = Assets.xcassets; sourceTree = "<group>"; };
		A77380EA2961060A008965BB /* Preview Assets.xcassets */ = {isa = PBXFileReference; lastKnownFileType = folder.assetcatalog; path = "Preview Assets.xcassets"; sourceTree = "<group>"; };
		A7C7BC0929618243004D3446 /* Color+.swift */ = {isa = PBXFileReference; lastKnownFileType = sourcecode.swift; path = "Color+.swift"; sourceTree = "<group>"; };
		A7C7BC0B2961ED12004D3446 /* View+.swift */ = {isa = PBXFileReference; lastKnownFileType = sourcecode.swift; path = "View+.swift"; sourceTree = "<group>"; };
		A7C7BC0E2961FCBB004D3446 /* CloseButton.swift */ = {isa = PBXFileReference; lastKnownFileType = sourcecode.swift; path = CloseButton.swift; sourceTree = "<group>"; };
		A7C7BC1029620033004D3446 /* BorderedButton.swift */ = {isa = PBXFileReference; lastKnownFileType = sourcecode.swift; path = BorderedButton.swift; sourceTree = "<group>"; };
		A7C7BC12296235A5004D3446 /* iconButton.swift */ = {isa = PBXFileReference; lastKnownFileType = sourcecode.swift; path = iconButton.swift; sourceTree = "<group>"; };
		A7C7BC1429623680004D3446 /* FilledButton.swift */ = {isa = PBXFileReference; lastKnownFileType = sourcecode.swift; path = FilledButton.swift; sourceTree = "<group>"; };
		A7C7BC1629623B14004D3446 /* NakedButton.swift */ = {isa = PBXFileReference; lastKnownFileType = sourcecode.swift; path = NakedButton.swift; sourceTree = "<group>"; };
		A7C7BC1829623E23004D3446 /* LargeNakedButton.swift */ = {isa = PBXFileReference; lastKnownFileType = sourcecode.swift; path = LargeNakedButton.swift; sourceTree = "<group>"; };
		A7C7BC1A29623F50004D3446 /* LoginScreen.swift */ = {isa = PBXFileReference; lastKnownFileType = sourcecode.swift; path = LoginScreen.swift; sourceTree = "<group>"; };
		A7ED8B0F296410D70037738E /* PageController.swift */ = {isa = PBXFileReference; lastKnownFileType = sourcecode.swift; path = PageController.swift; sourceTree = "<group>"; };
		A7ED8B11296448520037738E /* TabIndicatorItem.swift */ = {isa = PBXFileReference; lastKnownFileType = sourcecode.swift; path = TabIndicatorItem.swift; sourceTree = "<group>"; };
		A7ED8B1329644C850037738E /* TabIndicator.swift */ = {isa = PBXFileReference; lastKnownFileType = sourcecode.swift; path = TabIndicator.swift; sourceTree = "<group>"; };
		A7ED8B152964556A0037738E /* HomeScreen.swift */ = {isa = PBXFileReference; lastKnownFileType = sourcecode.swift; path = HomeScreen.swift; sourceTree = "<group>"; };
		A7F65BE82962D26F0042E570 /* Tab.swift */ = {isa = PBXFileReference; lastKnownFileType = sourcecode.swift; path = Tab.swift; sourceTree = "<group>"; };
		A7F65BEA2962D3B60042E570 /* Category.swift */ = {isa = PBXFileReference; lastKnownFileType = sourcecode.swift; path = Category.swift; sourceTree = "<group>"; };
		A7F65BEC2962E9F90042E570 /* Product.swift */ = {isa = PBXFileReference; lastKnownFileType = sourcecode.swift; path = Product.swift; sourceTree = "<group>"; };
/* End PBXFileReference section */

/* Begin PBXFrameworksBuildPhase section */
		A77380DD29610608008965BB /* Frameworks */ = {
			isa = PBXFrameworksBuildPhase;
			buildActionMask = 2147483647;
			files = (
			);
			runOnlyForDeploymentPostprocessing = 0;
		};
/* End PBXFrameworksBuildPhase section */

/* Begin PBXGroup section */
		A77380D729610608008965BB = {
			isa = PBXGroup;
			children = (
				A77380E229610608008965BB /* ZaraApp */,
				A77380E129610608008965BB /* Products */,
			);
			sourceTree = "<group>";
		};
		A77380E129610608008965BB /* Products */ = {
			isa = PBXGroup;
			children = (
				A77380E029610608008965BB /* ZaraApp.app */,
			);
			name = Products;
			sourceTree = "<group>";
		};
		A77380E229610608008965BB /* ZaraApp */ = {
			isa = PBXGroup;
			children = (
				A7F65BE72962D2590042E570 /* Models */,
				A77380F62961084F008965BB /* UIKit */,
				A77380F529610847008965BB /* Screens */,
				A77380F429610841008965BB /* Data */,
				A77380F329610835008965BB /* Extensions */,
				A77380F22961082C008965BB /* Utils */,
				A77380F129610815008965BB /* Views */,
				A77380E329610608008965BB /* ZaraAppApp.swift */,
				A77380E529610608008965BB /* ContentView.swift */,
				A77380E72961060A008965BB /* Assets.xcassets */,
				A77380E92961060A008965BB /* Preview Content */,
			);
			path = ZaraApp;
			sourceTree = "<group>";
		};
		A77380E92961060A008965BB /* Preview Content */ = {
			isa = PBXGroup;
			children = (
				A77380EA2961060A008965BB /* Preview Assets.xcassets */,
			);
			path = "Preview Content";
			sourceTree = "<group>";
		};
		A77380F129610815008965BB /* Views */ = {
			isa = PBXGroup;
			children = (
				A7C7BC0D2961FCA0004D3446 /* Buttons */,
				A7C7BC0B2961ED12004D3446 /* View+.swift */,
				A72A918129639AD900972AB9 /* PageView.swift */,
				A72A91852963A12B00972AB9 /* VerticalPageIndicator.swift */,
				A7ED8B0F296410D70037738E /* PageController.swift */,
				A7ED8B11296448520037738E /* TabIndicatorItem.swift */,
				A7ED8B1329644C850037738E /* TabIndicator.swift */,
			);
			path = Views;
			sourceTree = "<group>";
		};
		A77380F22961082C008965BB /* Utils */ = {
			isa = PBXGroup;
			children = (
				A72A918329639ED300972AB9 /* Sizes.swift */,
			);
			path = Utils;
			sourceTree = "<group>";
		};
		A77380F329610835008965BB /* Extensions */ = {
			isa = PBXGroup;
			children = (
				A7C7BC0929618243004D3446 /* Color+.swift */,
			);
			path = Extensions;
			sourceTree = "<group>";
		};
		A77380F429610841008965BB /* Data */ = {
			isa = PBXGroup;
			children = (
				A72A917B296301A600972AB9 /* Store.swift */,
			);
			path = Data;
			sourceTree = "<group>";
		};
		A77380F529610847008965BB /* Screens */ = {
			isa = PBXGroup;
			children = (
				A7C7BC1A29623F50004D3446 /* LoginScreen.swift */,
				A7ED8B152964556A0037738E /* HomeScreen.swift */,
			);
			path = Screens;
			sourceTree = "<group>";
		};
		A77380F62961084F008965BB /* UIKit */ = {
			isa = PBXGroup;
			children = (
				A72A917D296333FF00972AB9 /* CollectionView.swift */,
				A72A917F296393B700972AB9 /* CollectionCell.swift */,
			);
			path = UIKit;
			sourceTree = "<group>";
		};
		A7C7BC0D2961FCA0004D3446 /* Buttons */ = {
			isa = PBXGroup;
			children = (
				A7C7BC0E2961FCBB004D3446 /* CloseButton.swift */,
				A7C7BC1029620033004D3446 /* BorderedButton.swift */,
				A7C7BC12296235A5004D3446 /* iconButton.swift */,
				A7C7BC1429623680004D3446 /* FilledButton.swift */,
				A7C7BC1629623B14004D3446 /* NakedButton.swift */,
				A7C7BC1829623E23004D3446 /* LargeNakedButton.swift */,
			);
			path = Buttons;
			sourceTree = "<group>";
		};
		A7F65BE72962D2590042E570 /* Models */ = {
			isa = PBXGroup;
			children = (
				A7F65BE82962D26F0042E570 /* Tab.swift */,
				A7F65BEA2962D3B60042E570 /* Category.swift */,
				A7F65BEC2962E9F90042E570 /* Product.swift */,
				A72A91772962FEDD00972AB9 /* Page.swift */,
				A72A91792962FFF400972AB9 /* Home.swift */,
			);
			path = Models;
			sourceTree = "<group>";
		};
/* End PBXGroup section */

/* Begin PBXNativeTarget section */
		A77380DF29610608008965BB /* ZaraApp */ = {
			isa = PBXNativeTarget;
			buildConfigurationList = A77380EE2961060A008965BB /* Build configuration list for PBXNativeTarget "ZaraApp" */;
			buildPhases = (
				A77380DC29610608008965BB /* Sources */,
				A77380DD29610608008965BB /* Frameworks */,
				A77380DE29610608008965BB /* Resources */,
			);
			buildRules = (
			);
			dependencies = (
			);
			name = ZaraApp;
			productName = ZaraApp;
			productReference = A77380E029610608008965BB /* ZaraApp.app */;
			productType = "com.apple.product-type.application";
		};
/* End PBXNativeTarget section */

/* Begin PBXProject section */
		A77380D829610608008965BB /* Project object */ = {
			isa = PBXProject;
			attributes = {
				BuildIndependentTargetsInParallel = 1;
				LastSwiftUpdateCheck = 1410;
				LastUpgradeCheck = 1410;
				TargetAttributes = {
					A77380DF29610608008965BB = {
						CreatedOnToolsVersion = 14.1;
					};
				};
			};
			buildConfigurationList = A77380DB29610608008965BB /* Build configuration list for PBXProject "ZaraApp" */;
			compatibilityVersion = "Xcode 14.0";
			developmentRegion = en;
			hasScannedForEncodings = 0;
			knownRegions = (
				en,
				Base,
			);
			mainGroup = A77380D729610608008965BB;
			productRefGroup = A77380E129610608008965BB /* Products */;
			projectDirPath = "";
			projectRoot = "";
			targets = (
				A77380DF29610608008965BB /* ZaraApp */,
			);
		};
/* End PBXProject section */

/* Begin PBXResourcesBuildPhase section */
		A77380DE29610608008965BB /* Resources */ = {
			isa = PBXResourcesBuildPhase;
			buildActionMask = 2147483647;
			files = (
				A77380EB2961060A008965BB /* Preview Assets.xcassets in Resources */,
				A77380E82961060A008965BB /* Assets.xcassets in Resources */,
			);
			runOnlyForDeploymentPostprocessing = 0;
		};
/* End PBXResourcesBuildPhase section */

/* Begin PBXSourcesBuildPhase section */
		A77380DC29610608008965BB /* Sources */ = {
			isa = PBXSourcesBuildPhase;
			buildActionMask = 2147483647;
			files = (
				A72A917E296333FF00972AB9 /* CollectionView.swift in Sources */,
				A7C7BC0F2961FCBB004D3446 /* CloseButton.swift in Sources */,
				A7C7BC1529623680004D3446 /* FilledButton.swift in Sources */,
				A7C7BC0C2961ED12004D3446 /* View+.swift in Sources */,
				A72A91862963A12B00972AB9 /* VerticalPageIndicator.swift in Sources */,
				A72A9180296393B700972AB9 /* CollectionCell.swift in Sources */,
				A7ED8B162964556A0037738E /* HomeScreen.swift in Sources */,
				A72A918229639AD900972AB9 /* PageView.swift in Sources */,
				A72A918429639ED300972AB9 /* Sizes.swift in Sources */,
				A7F65BE92962D26F0042E570 /* Tab.swift in Sources */,
				A7C7BC1129620033004D3446 /* BorderedButton.swift in Sources */,
				A77380E629610608008965BB /* ContentView.swift in Sources */,
				A7C7BC1929623E23004D3446 /* LargeNakedButton.swift in Sources */,
				A7ED8B12296448520037738E /* TabIndicatorItem.swift in Sources */,
				A7C7BC1729623B14004D3446 /* NakedButton.swift in Sources */,
				A7C7BC0A29618243004D3446 /* Color+.swift in Sources */,
				A7ED8B10296410D70037738E /* PageController.swift in Sources */,
				A7F65BEB2962D3B60042E570 /* Category.swift in Sources */,
				A72A917C296301A600972AB9 /* Store.swift in Sources */,
				A77380E429610608008965BB /* ZaraAppApp.swift in Sources */,
				A7ED8B1429644C850037738E /* TabIndicator.swift in Sources */,
				A7C7BC1B29623F50004D3446 /* LoginScreen.swift in Sources */,
				A7C7BC13296235A5004D3446 /* iconButton.swift in Sources */,
				A7F65BED2962E9F90042E570 /* Product.swift in Sources */,
				A72A917A2962FFF400972AB9 /* Home.swift in Sources */,
				A72A91782962FEDD00972AB9 /* Page.swift in Sources */,
			);
			runOnlyForDeploymentPostprocessing = 0;
		};
/* End PBXSourcesBuildPhase section */

/* Begin XCBuildConfiguration section */
		A77380EC2961060A008965BB /* Debug */ = {
			isa = XCBuildConfiguration;
			buildSettings = {
				ALWAYS_SEARCH_USER_PATHS = NO;
				CLANG_ANALYZER_NONNULL = YES;
				CLANG_ANALYZER_NUMBER_OBJECT_CONVERSION = YES_AGGRESSIVE;
				CLANG_CXX_LANGUAGE_STANDARD = "gnu++20";
				CLANG_ENABLE_MODULES = YES;
				CLANG_ENABLE_OBJC_ARC = YES;
				CLANG_ENABLE_OBJC_WEAK = YES;
				CLANG_WARN_BLOCK_CAPTURE_AUTORELEASING = YES;
				CLANG_WARN_BOOL_CONVERSION = YES;
				CLANG_WARN_COMMA = YES;
				CLANG_WARN_CONSTANT_CONVERSION = YES;
				CLANG_WARN_DEPRECATED_OBJC_IMPLEMENTATIONS = YES;
				CLANG_WARN_DIRECT_OBJC_ISA_USAGE = YES_ERROR;
				CLANG_WARN_DOCUMENTATION_COMMENTS = YES;
				CLANG_WARN_EMPTY_BODY = YES;
				CLANG_WARN_ENUM_CONVERSION = YES;
				CLANG_WARN_INFINITE_RECURSION = YES;
				CLANG_WARN_INT_CONVERSION = YES;
				CLANG_WARN_NON_LITERAL_NULL_CONVERSION = YES;
				CLANG_WARN_OBJC_IMPLICIT_RETAIN_SELF = YES;
				CLANG_WARN_OBJC_LITERAL_CONVERSION = YES;
				CLANG_WARN_OBJC_ROOT_CLASS = YES_ERROR;
				CLANG_WARN_QUOTED_INCLUDE_IN_FRAMEWORK_HEADER = YES;
				CLANG_WARN_RANGE_LOOP_ANALYSIS = YES;
				CLANG_WARN_STRICT_PROTOTYPES = YES;
				CLANG_WARN_SUSPICIOUS_MOVE = YES;
				CLANG_WARN_UNGUARDED_AVAILABILITY = YES_AGGRESSIVE;
				CLANG_WARN_UNREACHABLE_CODE = YES;
				CLANG_WARN__DUPLICATE_METHOD_MATCH = YES;
				COPY_PHASE_STRIP = NO;
				DEBUG_INFORMATION_FORMAT = dwarf;
				ENABLE_STRICT_OBJC_MSGSEND = YES;
				ENABLE_TESTABILITY = YES;
				GCC_C_LANGUAGE_STANDARD = gnu11;
				GCC_DYNAMIC_NO_PIC = NO;
				GCC_NO_COMMON_BLOCKS = YES;
				GCC_OPTIMIZATION_LEVEL = 0;
				GCC_PREPROCESSOR_DEFINITIONS = (
					"DEBUG=1",
					"$(inherited)",
				);
				GCC_WARN_64_TO_32_BIT_CONVERSION = YES;
				GCC_WARN_ABOUT_RETURN_TYPE = YES_ERROR;
				GCC_WARN_UNDECLARED_SELECTOR = YES;
				GCC_WARN_UNINITIALIZED_AUTOS = YES_AGGRESSIVE;
				GCC_WARN_UNUSED_FUNCTION = YES;
				GCC_WARN_UNUSED_VARIABLE = YES;
				IPHONEOS_DEPLOYMENT_TARGET = 16.1;
				MTL_ENABLE_DEBUG_INFO = INCLUDE_SOURCE;
				MTL_FAST_MATH = YES;
				ONLY_ACTIVE_ARCH = YES;
				SDKROOT = iphoneos;
				SWIFT_ACTIVE_COMPILATION_CONDITIONS = DEBUG;
				SWIFT_OPTIMIZATION_LEVEL = "-Onone";
			};
			name = Debug;
		};
		A77380ED2961060A008965BB /* Release */ = {
			isa = XCBuildConfiguration;
			buildSettings = {
				ALWAYS_SEARCH_USER_PATHS = NO;
				CLANG_ANALYZER_NONNULL = YES;
				CLANG_ANALYZER_NUMBER_OBJECT_CONVERSION = YES_AGGRESSIVE;
				CLANG_CXX_LANGUAGE_STANDARD = "gnu++20";
				CLANG_ENABLE_MODULES = YES;
				CLANG_ENABLE_OBJC_ARC = YES;
				CLANG_ENABLE_OBJC_WEAK = YES;
				CLANG_WARN_BLOCK_CAPTURE_AUTORELEASING = YES;
				CLANG_WARN_BOOL_CONVERSION = YES;
				CLANG_WARN_COMMA = YES;
				CLANG_WARN_CONSTANT_CONVERSION = YES;
				CLANG_WARN_DEPRECATED_OBJC_IMPLEMENTATIONS = YES;
				CLANG_WARN_DIRECT_OBJC_ISA_USAGE = YES_ERROR;
				CLANG_WARN_DOCUMENTATION_COMMENTS = YES;
				CLANG_WARN_EMPTY_BODY = YES;
				CLANG_WARN_ENUM_CONVERSION = YES;
				CLANG_WARN_INFINITE_RECURSION = YES;
				CLANG_WARN_INT_CONVERSION = YES;
				CLANG_WARN_NON_LITERAL_NULL_CONVERSION = YES;
				CLANG_WARN_OBJC_IMPLICIT_RETAIN_SELF = YES;
				CLANG_WARN_OBJC_LITERAL_CONVERSION = YES;
				CLANG_WARN_OBJC_ROOT_CLASS = YES_ERROR;
				CLANG_WARN_QUOTED_INCLUDE_IN_FRAMEWORK_HEADER = YES;
				CLANG_WARN_RANGE_LOOP_ANALYSIS = YES;
				CLANG_WARN_STRICT_PROTOTYPES = YES;
				CLANG_WARN_SUSPICIOUS_MOVE = YES;
				CLANG_WARN_UNGUARDED_AVAILABILITY = YES_AGGRESSIVE;
				CLANG_WARN_UNREACHABLE_CODE = YES;
				CLANG_WARN__DUPLICATE_METHOD_MATCH = YES;
				COPY_PHASE_STRIP = NO;
				DEBUG_INFORMATION_FORMAT = "dwarf-with-dsym";
				ENABLE_NS_ASSERTIONS = NO;
				ENABLE_STRICT_OBJC_MSGSEND = YES;
				GCC_C_LANGUAGE_STANDARD = gnu11;
				GCC_NO_COMMON_BLOCKS = YES;
				GCC_WARN_64_TO_32_BIT_CONVERSION = YES;
				GCC_WARN_ABOUT_RETURN_TYPE = YES_ERROR;
				GCC_WARN_UNDECLARED_SELECTOR = YES;
				GCC_WARN_UNINITIALIZED_AUTOS = YES_AGGRESSIVE;
				GCC_WARN_UNUSED_FUNCTION = YES;
				GCC_WARN_UNUSED_VARIABLE = YES;
				IPHONEOS_DEPLOYMENT_TARGET = 16.1;
				MTL_ENABLE_DEBUG_INFO = NO;
				MTL_FAST_MATH = YES;
				SDKROOT = iphoneos;
				SWIFT_COMPILATION_MODE = wholemodule;
				SWIFT_OPTIMIZATION_LEVEL = "-O";
				VALIDATE_PRODUCT = YES;
			};
			name = Release;
		};
		A77380EF2961060A008965BB /* Debug */ = {
			isa = XCBuildConfiguration;
			buildSettings = {
				ASSETCATALOG_COMPILER_APPICON_NAME = AppIcon;
				ASSETCATALOG_COMPILER_GLOBAL_ACCENT_COLOR_NAME = AccentColor;
				CODE_SIGN_STYLE = Automatic;
				CURRENT_PROJECT_VERSION = 1;
				DEVELOPMENT_ASSET_PATHS = "\"ZaraApp/Preview Content\"";
				DEVELOPMENT_TEAM = 4Q6S759NWS;
				ENABLE_PREVIEWS = YES;
				GENERATE_INFOPLIST_FILE = YES;
				INFOPLIST_KEY_UIApplicationSceneManifest_Generation = YES;
				INFOPLIST_KEY_UIApplicationSupportsIndirectInputEvents = YES;
				INFOPLIST_KEY_UILaunchScreen_Generation = YES;
				INFOPLIST_KEY_UISupportedInterfaceOrientations_iPad = "UIInterfaceOrientationPortrait UIInterfaceOrientationPortraitUpsideDown UIInterfaceOrientationLandscapeLeft UIInterfaceOrientationLandscapeRight";
				INFOPLIST_KEY_UISupportedInterfaceOrientations_iPhone = "UIInterfaceOrientationPortrait UIInterfaceOrientationLandscapeLeft UIInterfaceOrientationLandscapeRight";
				LD_RUNPATH_SEARCH_PATHS = (
					"$(inherited)",
					"@executable_path/Frameworks",
				);
				MARKETING_VERSION = 1.0;
				PRODUCT_BUNDLE_IDENTIFIER = Temi.ZaraApp;
				PRODUCT_NAME = "$(TARGET_NAME)";
				SWIFT_EMIT_LOC_STRINGS = YES;
				SWIFT_VERSION = 5.0;
				TARGETED_DEVICE_FAMILY = "1,2";
			};
			name = Debug;
		};
		A77380F02961060A008965BB /* Release */ = {
			isa = XCBuildConfiguration;
			buildSettings = {
				ASSETCATALOG_COMPILER_APPICON_NAME = AppIcon;
				ASSETCATALOG_COMPILER_GLOBAL_ACCENT_COLOR_NAME = AccentColor;
				CODE_SIGN_STYLE = Automatic;
				CURRENT_PROJECT_VERSION = 1;
				DEVELOPMENT_ASSET_PATHS = "\"ZaraApp/Preview Content\"";
				DEVELOPMENT_TEAM = 4Q6S759NWS;
				ENABLE_PREVIEWS = YES;
				GENERATE_INFOPLIST_FILE = YES;
				INFOPLIST_KEY_UIApplicationSceneManifest_Generation = YES;
				INFOPLIST_KEY_UIApplicationSupportsIndirectInputEvents = YES;
				INFOPLIST_KEY_UILaunchScreen_Generation = YES;
				INFOPLIST_KEY_UISupportedInterfaceOrientations_iPad = "UIInterfaceOrientationPortrait UIInterfaceOrientationPortraitUpsideDown UIInterfaceOrientationLandscapeLeft UIInterfaceOrientationLandscapeRight";
				INFOPLIST_KEY_UISupportedInterfaceOrientations_iPhone = "UIInterfaceOrientationPortrait UIInterfaceOrientationLandscapeLeft UIInterfaceOrientationLandscapeRight";
				LD_RUNPATH_SEARCH_PATHS = (
					"$(inherited)",
					"@executable_path/Frameworks",
				);
				MARKETING_VERSION = 1.0;
				PRODUCT_BUNDLE_IDENTIFIER = Temi.ZaraApp;
				PRODUCT_NAME = "$(TARGET_NAME)";
				SWIFT_EMIT_LOC_STRINGS = YES;
				SWIFT_VERSION = 5.0;
				TARGETED_DEVICE_FAMILY = "1,2";
			};
			name = Release;
		};
/* End XCBuildConfiguration section */

/* Begin XCConfigurationList section */
		A77380DB29610608008965BB /* Build configuration list for PBXProject "ZaraApp" */ = {
			isa = XCConfigurationList;
			buildConfigurations = (
				A77380EC2961060A008965BB /* Debug */,
				A77380ED2961060A008965BB /* Release */,
			);
			defaultConfigurationIsVisible = 0;
			defaultConfigurationName = Release;
		};
		A77380EE2961060A008965BB /* Build configuration list for PBXNativeTarget "ZaraApp" */ = {
			isa = XCConfigurationList;
			buildConfigurations = (
				A77380EF2961060A008965BB /* Debug */,
				A77380F02961060A008965BB /* Release */,
			);
			defaultConfigurationIsVisible = 0;
			defaultConfigurationName = Release;
		};
/* End XCConfigurationList section */
	};
	rootObject = A77380D829610608008965BB /* Project object */;
}
